{
  "lockfile_version": "1",
  "packages": {
    "cargo@latest": {
      "last_modified": "2025-11-23T21:50:36Z",
      "resolved": "github:NixOS/nixpkgs/ee09932cedcef15aaf476f9343d1dea2cb77e261#cargo",
      "source": "devbox-search",
      "version": "1.91.1",
      "systems": {
        "aarch64-darwin": {
          "outputs": [
            {
              "name": "out",
              "path": "/nix/store/45b258b3av4kwr5pljhaghpkn2b076gp-cargo-1.91.1",
              "default": true
            }
          ],
          "store_path": "/nix/store/45b258b3av4kwr5pljhaghpkn2b076gp-cargo-1.91.1"
        },
        "aarch64-linux": {
          "outputs": [
            {
              "name": "out",
              "path": "/nix/store/0dc8isk49j5nixxswvl8kdsvz8wvzah8-cargo-1.91.1",
              "default": true
            }
          ],
          "store_path": "/nix/store/0dc8isk49j5nixxswvl8kdsvz8wvzah8-cargo-1.91.1"
        },
        "x86_64-darwin": {
          "outputs": [
            {
              "name": "out",
              "path": "/nix/store/vc9ij5iq2ga02875g3i8dxz7mpa11ygf-cargo-1.91.1",
              "default": true
            }
          ],
          "store_path": "/nix/store/vc9ij5iq2ga02875g3i8dxz7mpa11ygf-cargo-1.91.1"
        },
        "x86_64-linux": {
          "outputs": [
            {
              "name": "out",
              "path": "/nix/store/742kq790y4nd92s4l4arg7ij8h7is5ar-cargo-1.91.1",
              "default": true
            }
          ],
          "store_path": "/nix/store/742kq790y4nd92s4l4arg7ij8h7is5ar-cargo-1.91.1"
        }
      }
    },
    "github:NixOS/nixpkgs/nixpkgs-unstable": {
      "last_modified": "2025-11-27T07:58:14Z",
      "resolved": "github:NixOS/nixpkgs/0d59e0290eefe0f12512043842d7096c4070f30e?lastModified=1764230294"
    }
  }
}
